
Microsoft Visual Studio Solution File, Format Version 12.00
# Visual Studio Version 17
VisualStudioVersion = 17.11.35312.102
MinimumVisualStudioVersion = 10.0.40219.1
Project("{9A19103F-16F7-4668-BE54-9A1E7A4F7556}") = "PABUALAN_JAYME_VILLACORTA_IT201_CRUD_DEMO_08", "PABUALAN_JAYME_VILLACORTA_IT201_CRUD_DEMO_08.csproj", "{BAC7ECAC-A63D-493D-AE04-C4FE2558B180}"
EndProject
Global
	GlobalSection(SolutionConfigurationPlatforms) = preSolution
		Debug|Any CPU = Debug|Any CPU
		Release|Any CPU = Release|Any CPU
	EndGlobalSection
	GlobalSection(ProjectConfigurationPlatforms) = postSolution
		{BAC7ECAC-A63D-493D-AE04-C4FE2558B180}.Debug|Any CPU.ActiveCfg = Debug|Any CPU
		{BAC7ECAC-A63D-493D-AE04-C4FE2558B180}.Debug|Any CPU.Build.0 = Debug|Any CPU
		{BAC7ECAC-A63D-493D-AE04-C4FE2558B180}.Release|Any CPU.ActiveCfg = Release|Any CPU
		{BAC7ECAC-A63D-493D-AE04-C4FE2558B180}.Release|Any CPU.Build.0 = Release|Any CPU
	EndGlobalSection
	GlobalSection(SolutionProperties) = preSolution
		HideSolutionNode = FALSE
	EndGlobalSection
	GlobalSection(ExtensibilityGlobals) = postSolution
		SolutionGuid = {2689EAC8-CEC6-4D50-8AD2-B4476CD82FFB}
	EndGlobalSection
EndGlobal
